
Microsoft Visual Studio Solution File, Format Version 12.00
# Visual Studio Version 17
VisualStudioVersion = 17.10.35122.118
MinimumVisualStudioVersion = 10.0.40219.1
Project("{FAE04EC0-301F-11D3-BF4B-00C04F79EFBC}") = "paletteflow", "paletteflow.csproj", "{5EC24C75-6C99-4B08-AA95-65F3958C4FE6}"
EndProject
Global
	GlobalSection(SolutionConfigurationPlatforms) = preSolution
		Debug|Any CPU = Debug|Any CPU
		Release|Any CPU = Release|Any CPU
	EndGlobalSection
	GlobalSection(ProjectConfigurationPlatforms) = postSolution
		{5EC24C75-6C99-4B08-AA95-65F3958C4FE6}.Debug|Any CPU.ActiveCfg = Debug|Any CPU
		{5EC24C75-6C99-4B08-AA95-65F3958C4FE6}.Debug|Any CPU.Build.0 = Debug|Any CPU
		{5EC24C75-6C99-4B08-AA95-65F3958C4FE6}.Release|Any CPU.ActiveCfg = Release|Any CPU
		{5EC24C75-6C99-4B08-AA95-65F3958C4FE6}.Release|Any CPU.Build.0 = Release|Any CPU
	EndGlobalSection
	GlobalSection(SolutionProperties) = preSolution
		HideSolutionNode = FALSE
	EndGlobalSection
	GlobalSection(ExtensibilityGlobals) = postSolution
		SolutionGuid = {504D19D6-A0C3-418D-9D30-1D60DB46C60E}
	EndGlobalSection
EndGlobal
